// !$*UTF8*$!
{
	archiveVersion = 1;
	classes = {
	};
	objectVersion = 56;
	objects = {

/* Begin PBXBuildFile section */
		231FCB9329FCEADE0034DAED /* AppDelegate.swift in Sources */ = {isa = PBXBuildFile; fileRef = 231FCB9229FCEADE0034DAED /* AppDelegate.swift */; };
		231FCB9529FCEADE0034DAED /* SceneDelegate.swift in Sources */ = {isa = PBXBuildFile; fileRef = 231FCB9429FCEADE0034DAED /* SceneDelegate.swift */; };
		231FCB9729FCEADE0034DAED /* ViewController.swift in Sources */ = {isa = PBXBuildFile; fileRef = 231FCB9629FCEADE0034DAED /* ViewController.swift */; };
		231FCB9A29FCEADE0034DAED /* Main.storyboard in Resources */ = {isa = PBXBuildFile; fileRef = 231FCB9829FCEADE0034DAED /* Main.storyboard */; };
		231FCB9C29FCEADE0034DAED /* Assets.xcassets in Resources */ = {isa = PBXBuildFile; fileRef = 231FCB9B29FCEADE0034DAED /* Assets.xcassets */; };
		231FCB9F29FCEADE0034DAED /* LaunchScreen.storyboard in Resources */ = {isa = PBXBuildFile; fileRef = 231FCB9D29FCEADE0034DAED /* LaunchScreen.storyboard */; };
/* End PBXBuildFile section */

/* Begin PBXFileReference section */
		231FCB8F29FCEADE0034DAED /* Day 1 - Tap Counter.app */ = {isa = PBXFileReference; explicitFileType = wrapper.application; includeInIndex = 0; path = "Day 1 - Tap Counter.app"; sourceTree = BUILT_PRODUCTS_DIR; };
		231FCB9229FCEADE0034DAED /* AppDelegate.swift */ = {isa = PBXFileReference; lastKnownFileType = sourcecode.swift; path = AppDelegate.swift; sourceTree = "<group>"; };
		231FCB9429FCEADE0034DAED /* SceneDelegate.swift */ = {isa = PBXFileReference; lastKnownFileType = sourcecode.swift; path = SceneDelegate.swift; sourceTree = "<group>"; };
		231FCB9629FCEADE0034DAED /* ViewController.swift */ = {isa = PBXFileReference; lastKnownFileType = sourcecode.swift; path = ViewController.swift; sourceTree = "<group>"; };
		231FCB9929FCEADE0034DAED /* Base */ = {isa = PBXFileReference; lastKnownFileType = file.storyboard; name = Base; path = Base.lproj/Main.storyboard; sourceTree = "<group>"; };
		231FCB9B29FCEADE0034DAED /* Assets.xcassets */ = {isa = PBXFileReference; lastKnownFileType = folder.assetcatalog; path = Assets.xcassets; sourceTree = "<group>"; };
		231FCB9E29FCEADE0034DAED /* Base */ = {isa = PBXFileReference; lastKnownFileType = file.storyboard; name = Base; path = Base.lproj/LaunchScreen.storyboard; sourceTree = "<group>"; };
		231FCBA029FCEADE0034DAED /* Info.plist */ = {isa = PBXFileReference; lastKnownFileType = text.plist.xml; path = Info.plist; sourceTree = "<group>"; };
/* End PBXFileReference section */

/* Begin PBXFrameworksBuildPhase section */
		231FCB8C29FCEADE0034DAED /* Frameworks */ = {
			isa = PBXFrameworksBuildPhase;
			buildActionMask = 2147483647;
			files = (
			);
			runOnlyForDeploymentPostprocessing = 0;
		};
/* End PBXFrameworksBuildPhase section */

/* Begin PBXGroup section */
		231FCB8629FCEADE0034DAED = {
			isa = PBXGroup;
			children = (
				231FCB9129FCEADE0034DAED /* Day 1 - Tap Counter */,
				231FCB9029FCEADE0034DAED /* Products */,
			);
			sourceTree = "<group>";
		};
		231FCB9029FCEADE0034DAED /* Products */ = {
			isa = PBXGroup;
			children = (
				231FCB8F29FCEADE0034DAED /* Day 1 - Tap Counter.app */,
			);
			name = Products;
			sourceTree = "<group>";
		};
		231FCB9129FCEADE0034DAED /* Day 1 - Tap Counter */ = {
			isa = PBXGroup;
			children = (
				231FCB9229FCEADE0034DAED /* AppDelegate.swift */,
				231FCB9429FCEADE0034DAED /* SceneDelegate.swift */,
				231FCB9629FCEADE0034DAED /* ViewController.swift */,
				231FCB9829FCEADE0034DAED /* Main.storyboard */,
				231FCB9B29FCEADE0034DAED /* Assets.xcassets */,
				231FCB9D29FCEADE0034DAED /* LaunchScreen.storyboard */,
				231FCBA029FCEADE0034DAED /* Info.plist */,
			);
			path = "Day 1 - Tap Counter";
			sourceTree = "<group>";
		};
/* End PBXGroup section */

/* Begin PBXNativeTarget section */
		231FCB8E29FCEADE0034DAED /* Day 1 - Tap Counter */ = {
			isa = PBXNativeTarget;
			buildConfigurationList = 231FCBA329FCEADE0034DAED /* Build configuration list for PBXNativeTarget "Day 1 - Tap Counter" */;
			buildPhases = (
				231FCB8B29FCEADE0034DAED /* Sources */,
				231FCB8C29FCEADE0034DAED /* Frameworks */,
				231FCB8D29FCEADE0034DAED /* Resources */,
			);
			buildRules = (
			);
			dependencies = (
			);
			name = "Day 1 - Tap Counter";
			productName = "Day 1 - Tap Counter";
			productReference = 231FCB8F29FCEADE0034DAED /* Day 1 - Tap Counter.app */;
			productType = "com.apple.product-type.application";
		};
/* End PBXNativeTarget section */

/* Begin PBXProject section */
		231FCB8729FCEADE0034DAED /* Project object */ = {
			isa = PBXProject;
			attributes = {
				BuildIndependentTargetsInParallel = 1;
				LastSwiftUpdateCheck = 1420;
				LastUpgradeCheck = 1420;
				TargetAttributes = {
					231FCB8E29FCEADE0034DAED = {
						CreatedOnToolsVersion = 14.2;
					};
				};
			};
			buildConfigurationList = 231FCB8A29FCEADE0034DAED /* Build configuration list for PBXProject "Day 1 - Tap Counter" */;
			compatibilityVersion = "Xcode 14.0";
			developmentRegion = en;
			hasScannedForEncodings = 0;
			knownRegions = (
				en,
				Base,
			);
			mainGroup = 231FCB8629FCEADE0034DAED;
			productRefGroup = 231FCB9029FCEADE0034DAED /* Products */;
			projectDirPath = "";
			projectRoot = "";
			targets = (
				231FCB8E29FCEADE0034DAED /* Day 1 - Tap Counter */,
			);
		};
/* End PBXProject section */

/* Begin PBXResourcesBuildPhase section */
		231FCB8D29FCEADE0034DAED /* Resources */ = {
			isa = PBXResourcesBuildPhase;
			buildActionMask = 2147483647;
			files = (
				231FCB9F29FCEADE0034DAED /* LaunchScreen.storyboard in Resources */,
				231FCB9C29FCEADE0034DAED /* Assets.xcassets in Resources */,
				231FCB9A29FCEADE0034DAED /* Main.storyboard in Resources */,
			);
			runOnlyForDeploymentPostprocessing = 0;
		};
/* End PBXResourcesBuildPhase section */

/* Begin PBXSourcesBuildPhase section */
		231FCB8B29FCEADE0034DAED /* Sources */ = {
			isa = PBXSourcesBuildPhase;
			buildActionMask = 2147483647;
			files = (
				231FCB9729FCEADE0034DAED /* ViewController.swift in Sources */,
				231FCB9329FCEADE0034DAED /* AppDelegate.swift in Sources */,
				231FCB9529FCEADE0034DAED /* SceneDelegate.swift in Sources */,
			);
			runOnlyForDeploymentPostprocessing = 0;
		};
/* End PBXSourcesBuildPhase section */

/* Begin PBXVariantGroup section */
		231FCB9829FCEADE0034DAED /* Main.storyboard */ = {
			isa = PBXVariantGroup;
			children = (
				231FCB9929FCEADE0034DAED /* Base */,
			);
			name = Main.storyboard;
			sourceTree = "<group>";
		};
		231FCB9D29FCEADE0034DAED /* LaunchScreen.storyboard */ = {
			isa = PBXVariantGroup;
			children = (
				231FCB9E29FCEADE0034DAED /* Base */,
			);
			name = LaunchScreen.storyboard;
			sourceTree = "<group>";
		};
/* End PBXVariantGroup section */

/* Begin XCBuildConfiguration section */
		231FCBA129FCEADE0034DAED /* Debug */ = {
			isa = XCBuildConfiguration;
			buildSettings = {
				ALWAYS_SEARCH_USER_PATHS = NO;
				CLANG_ANALYZER_NONNULL = YES;
				CLANG_ANALYZER_NUMBER_OBJECT_CONVERSION = YES_AGGRESSIVE;
				CLANG_CXX_LANGUAGE_STANDARD = "gnu++20";
				CLANG_ENABLE_MODULES = YES;
				CLANG_ENABLE_OBJC_ARC = YES;
				CLANG_ENABLE_OBJC_WEAK = YES;
				CLANG_WARN_BLOCK_CAPTURE_AUTORELEASING = YES;
				CLANG_WARN_BOOL_CONVERSION = YES;
				CLANG_WARN_COMMA = YES;
				CLANG_WARN_CONSTANT_CONVERSION = YES;
				CLANG_WARN_DEPRECATED_OBJC_IMPLEMENTATIONS = YES;
				CLANG_WARN_DIRECT_OBJC_ISA_USAGE = YES_ERROR;
				CLANG_WARN_DOCUMENTATION_COMMENTS = YES;
				CLANG_WARN_EMPTY_BODY = YES;
				CLANG_WARN_ENUM_CONVERSION = YES;
				CLANG_WARN_INFINITE_RECURSION = YES;
				CLANG_WARN_INT_CONVERSION = YES;
				CLANG_WARN_NON_LITERAL_NULL_CONVERSION = YES;
				CLANG_WARN_OBJC_IMPLICIT_RETAIN_SELF = YES;
				CLANG_WARN_OBJC_LITERAL_CONVERSION = YES;
				CLANG_WARN_OBJC_ROOT_CLASS = YES_ERROR;
				CLANG_WARN_QUOTED_INCLUDE_IN_FRAMEWORK_HEADER = YES;
				CLANG_WARN_RANGE_LOOP_ANALYSIS = YES;
				CLANG_WARN_STRICT_PROTOTYPES = YES;
				CLANG_WARN_SUSPICIOUS_MOVE = YES;
				CLANG_WARN_UNGUARDED_AVAILABILITY = YES_AGGRESSIVE;
				CLANG_WARN_UNREACHABLE_CODE = YES;
				CLANG_WARN__DUPLICATE_METHOD_MATCH = YES;
				COPY_PHASE_STRIP = NO;
				DEBUG_INFORMATION_FORMAT = dwarf;
				ENABLE_STRICT_OBJC_MSGSEND = YES;
				ENABLE_TESTABILITY = YES;
				GCC_C_LANGUAGE_STANDARD = gnu11;
				GCC_DYNAMIC_NO_PIC = NO;
				GCC_NO_COMMON_BLOCKS = YES;
				GCC_OPTIMIZATION_LEVEL = 0;
				GCC_PREPROCESSOR_DEFINITIONS = (
					"DEBUG=1",
					"$(inherited)",
				);
				GCC_WARN_64_TO_32_BIT_CONVERSION = YES;
				GCC_WARN_ABOUT_RETURN_TYPE = YES_ERROR;
				GCC_WARN_UNDECLARED_SELECTOR = YES;
				GCC_WARN_UNINITIALIZED_AUTOS = YES_AGGRESSIVE;
				GCC_WARN_UNUSED_FUNCTION = YES;
				GCC_WARN_UNUSED_VARIABLE = YES;
				IPHONEOS_DEPLOYMENT_TARGET = 16.2;
				MTL_ENABLE_DEBUG_INFO = INCLUDE_SOURCE;
				MTL_FAST_MATH = YES;
				ONLY_ACTIVE_ARCH = YES;
				SDKROOT = iphoneos;
				SWIFT_ACTIVE_COMPILATION_CONDITIONS = DEBUG;
				SWIFT_OPTIMIZATION_LEVEL = "-Onone";
			};
			name = Debug;
		};
		231FCBA229FCEADE0034DAED /* Release */ = {
			isa = XCBuildConfiguration;
			buildSettings = {
				ALWAYS_SEARCH_USER_PATHS = NO;
				CLANG_ANALYZER_NONNULL = YES;
				CLANG_ANALYZER_NUMBER_OBJECT_CONVERSION = YES_AGGRESSIVE;
				CLANG_CXX_LANGUAGE_STANDARD = "gnu++20";
				CLANG_ENABLE_MODULES = YES;
				CLANG_ENABLE_OBJC_ARC = YES;
				CLANG_ENABLE_OBJC_WEAK = YES;
				CLANG_WARN_BLOCK_CAPTURE_AUTORELEASING = YES;
				CLANG_WARN_BOOL_CONVERSION = YES;
				CLANG_WARN_COMMA = YES;
				CLANG_WARN_CONSTANT_CONVERSION = YES;
				CLANG_WARN_DEPRECATED_OBJC_IMPLEMENTATIONS = YES;
				CLANG_WARN_DIRECT_OBJC_ISA_USAGE = YES_ERROR;
				CLANG_WARN_DOCUMENTATION_COMMENTS = YES;
				CLANG_WARN_EMPTY_BODY = YES;
				CLANG_WARN_ENUM_CONVERSION = YES;
				CLANG_WARN_INFINITE_RECURSION = YES;
				CLANG_WARN_INT_CONVERSION = YES;
				CLANG_WARN_NON_LITERAL_NULL_CONVERSION = YES;
				CLANG_WARN_OBJC_IMPLICIT_RETAIN_SELF = YES;
				CLANG_WARN_OBJC_LITERAL_CONVERSION = YES;
				CLANG_WARN_OBJC_ROOT_CLASS = YES_ERROR;
				CLANG_WARN_QUOTED_INCLUDE_IN_FRAMEWORK_HEADER = YES;
				CLANG_WARN_RANGE_LOOP_ANALYSIS = YES;
				CLANG_WARN_STRICT_PROTOTYPES = YES;
				CLANG_WARN_SUSPICIOUS_MOVE = YES;
				CLANG_WARN_UNGUARDED_AVAILABILITY = YES_AGGRESSIVE;
				CLANG_WARN_UNREACHABLE_CODE = YES;
				CLANG_WARN__DUPLICATE_METHOD_MATCH = YES;
				COPY_PHASE_STRIP = NO;
				DEBUG_INFORMATION_FORMAT = "dwarf-with-dsym";
				ENABLE_NS_ASSERTIONS = NO;
				ENABLE_STRICT_OBJC_MSGSEND = YES;
				GCC_C_LANGUAGE_STANDARD = gnu11;
				GCC_NO_COMMON_BLOCKS = YES;
				GCC_WARN_64_TO_32_BIT_CONVERSION = YES;
				GCC_WARN_ABOUT_RETURN_TYPE = YES_ERROR;
				GCC_WARN_UNDECLARED_SELECTOR = YES;
				GCC_WARN_UNINITIALIZED_AUTOS = YES_AGGRESSIVE;
				GCC_WARN_UNUSED_FUNCTION = YES;
				GCC_WARN_UNUSED_VARIABLE = YES;
				IPHONEOS_DEPLOYMENT_TARGET = 16.2;
				MTL_ENABLE_DEBUG_INFO = NO;
				MTL_FAST_MATH = YES;
				SDKROOT = iphoneos;
				SWIFT_COMPILATION_MODE = wholemodule;
				SWIFT_OPTIMIZATION_LEVEL = "-O";
				VALIDATE_PRODUCT = YES;
			};
			name = Release;
		};
		231FCBA429FCEADE0034DAED /* Debug */ = {
			isa = XCBuildConfiguration;
			buildSettings = {
				ASSETCATALOG_COMPILER_APPICON_NAME = AppIcon;
				ASSETCATALOG_COMPILER_GLOBAL_ACCENT_COLOR_NAME = AccentColor;
				CODE_SIGN_STYLE = Automatic;
				CURRENT_PROJECT_VERSION = 1;
				DEVELOPMENT_TEAM = C7QSWX2J59;
				GENERATE_INFOPLIST_FILE = YES;
				INFOPLIST_FILE = "Day 1 - Tap Counter/Info.plist";
				INFOPLIST_KEY_UIApplicationSupportsIndirectInputEvents = YES;
				INFOPLIST_KEY_UILaunchStoryboardName = LaunchScreen;
				INFOPLIST_KEY_UIMainStoryboardFile = Main;
				INFOPLIST_KEY_UISupportedInterfaceOrientations = UIInterfaceOrientationPortrait;
				LD_RUNPATH_SEARCH_PATHS = (
					"$(inherited)",
					"@executable_path/Frameworks",
				);
				MARKETING_VERSION = 1.0;
				PRODUCT_BUNDLE_IDENTIFIER = "ru.com.mxmktv.Day-1---Tap-Counter";
				PRODUCT_NAME = "$(TARGET_NAME)";
				SWIFT_EMIT_LOC_STRINGS = YES;
				SWIFT_VERSION = 5.0;
				TARGETED_DEVICE_FAMILY = "1,2";
			};
			name = Debug;
		};
		231FCBA529FCEADE0034DAED /* Release */ = {
			isa = XCBuildConfiguration;
			buildSettings = {
				ASSETCATALOG_COMPILER_APPICON_NAME = AppIcon;
				ASSETCATALOG_COMPILER_GLOBAL_ACCENT_COLOR_NAME = AccentColor;
				CODE_SIGN_STYLE = Automatic;
				CURRENT_PROJECT_VERSION = 1;
				DEVELOPMENT_TEAM = C7QSWX2J59;
				GENERATE_INFOPLIST_FILE = YES;
				INFOPLIST_FILE = "Day 1 - Tap Counter/Info.plist";
				INFOPLIST_KEY_UIApplicationSupportsIndirectInputEvents = YES;
				INFOPLIST_KEY_UILaunchStoryboardName = LaunchScreen;
				INFOPLIST_KEY_UIMainStoryboardFile = Main;
				INFOPLIST_KEY_UISupportedInterfaceOrientations = UIInterfaceOrientationPortrait;
				LD_RUNPATH_SEARCH_PATHS = (
					"$(inherited)",
					"@executable_path/Frameworks",
				);
				MARKETING_VERSION = 1.0;
				PRODUCT_BUNDLE_IDENTIFIER = "ru.com.mxmktv.Day-1---Tap-Counter";
				PRODUCT_NAME = "$(TARGET_NAME)";
				SWIFT_EMIT_LOC_STRINGS = YES;
				SWIFT_VERSION = 5.0;
				TARGETED_DEVICE_FAMILY = "1,2";
			};
			name = Release;
		};
/* End XCBuildConfiguration section */

/* Begin XCConfigurationList section */
		231FCB8A29FCEADE0034DAED /* Build configuration list for PBXProject "Day 1 - Tap Counter" */ = {
			isa = XCConfigurationList;
			buildConfigurations = (
				231FCBA129FCEADE0034DAED /* Debug */,
				231FCBA229FCEADE0034DAED /* Release */,
			);
			defaultConfigurationIsVisible = 0;
			defaultConfigurationName = Release;
		};
		231FCBA329FCEADE0034DAED /* Build configuration list for PBXNativeTarget "Day 1 - Tap Counter" */ = {
			isa = XCConfigurationList;
			buildConfigurations = (
				231FCBA429FCEADE0034DAED /* Debug */,
				231FCBA529FCEADE0034DAED /* Release */,
			);
			defaultConfigurationIsVisible = 0;
			defaultConfigurationName = Release;
		};
/* End XCConfigurationList section */
	};
	rootObject = 231FCB8729FCEADE0034DAED /* Project object */;
}
